
Microsoft Visual Studio Solution File, Format Version 12.00
# Visual Studio Version 17
VisualStudioVersion = 17.7.34031.279
MinimumVisualStudioVersion = 10.0.40219.1
Project("{FAE04EC0-301F-11D3-BF4B-00C04F79EFBC}") = "chessBurger", "chessBurger\chessBurger.csproj", "{5C58EBD2-8267-496E-A6A4-AD9DF82D025B}"
EndProject
Global
	GlobalSection(SolutionConfigurationPlatforms) = preSolution
		Debug|Any CPU = Debug|Any CPU
		Release|Any CPU = Release|Any CPU
	EndGlobalSection
	GlobalSection(ProjectConfigurationPlatforms) = postSolution
		{5C58EBD2-8267-496E-A6A4-AD9DF82D025B}.Debug|Any CPU.ActiveCfg = Debug|Any CPU
		{5C58EBD2-8267-496E-A6A4-AD9DF82D025B}.Debug|Any CPU.Build.0 = Debug|Any CPU
		{5C58EBD2-8267-496E-A6A4-AD9DF82D025B}.Release|Any CPU.ActiveCfg = Release|Any CPU
		{5C58EBD2-8267-496E-A6A4-AD9DF82D025B}.Release|Any CPU.Build.0 = Release|Any CPU
	EndGlobalSection
	GlobalSection(SolutionProperties) = preSolution
		HideSolutionNode = FALSE
	EndGlobalSection
	GlobalSection(ExtensibilityGlobals) = postSolution
		SolutionGuid = {E5F597E4-B721-4A6C-A0E8-C0E515B6EF17}
	EndGlobalSection
EndGlobal
